// !$*UTF8*$!
{
	archiveVersion = 1;
	classes = {
	};
	objectVersion = 52;
	objects = {

/* Begin PBXBuildFile section */
		D058C6D326D8ED9F00E4C15F /* Memory_CardsApp.swift in Sources */ = {isa = PBXBuildFile; fileRef = D058C6D226D8ED9F00E4C15F /* Memory_CardsApp.swift */; };
		D058C6D526D8ED9F00E4C15F /* EmojiMemoryGameView.swift in Sources */ = {isa = PBXBuildFile; fileRef = D058C6D426D8ED9F00E4C15F /* EmojiMemoryGameView.swift */; };
		D058C6D726D8EDA200E4C15F /* Assets.xcassets in Resources */ = {isa = PBXBuildFile; fileRef = D058C6D626D8EDA200E4C15F /* Assets.xcassets */; };
		D058C6DA26D8EDA200E4C15F /* Preview Assets.xcassets in Resources */ = {isa = PBXBuildFile; fileRef = D058C6D926D8EDA200E4C15F /* Preview Assets.xcassets */; };
		D0A64DDD26E9FA3F00C92AE5 /* MemoryGameModel.swift in Sources */ = {isa = PBXBuildFile; fileRef = D0A64DDC26E9FA3F00C92AE5 /* MemoryGameModel.swift */; };
		D0A64DDF26E9FB6C00C92AE5 /* EmojiGameViewModel.swift in Sources */ = {isa = PBXBuildFile; fileRef = D0A64DDE26E9FB6C00C92AE5 /* EmojiGameViewModel.swift */; };
		D0AF5CCD26E0C4F80005FECE /* CardView.swift in Sources */ = {isa = PBXBuildFile; fileRef = D0AF5CCC26E0C4F80005FECE /* CardView.swift */; };
		D0C4A63C26F274430060A39A /* AspectVGrid.swift in Sources */ = {isa = PBXBuildFile; fileRef = D0C4A63B26F274430060A39A /* AspectVGrid.swift */; };
		D0D6E98E26F325B50001C849 /* CardifyModifier.swift in Sources */ = {isa = PBXBuildFile; fileRef = D0D6E98D26F325B50001C849 /* CardifyModifier.swift */; };
		D0D6E99026F3353A0001C849 /* GameListview.swift in Sources */ = {isa = PBXBuildFile; fileRef = D0D6E98F26F3353A0001C849 /* GameListview.swift */; };
		D0D6E99226F3370F0001C849 /* FootballMemoryGameView.swift in Sources */ = {isa = PBXBuildFile; fileRef = D0D6E99126F3370F0001C849 /* FootballMemoryGameView.swift */; };
		D0D6E99426F337320001C849 /* FootballMemoryGameViewModel.swift in Sources */ = {isa = PBXBuildFile; fileRef = D0D6E99326F337320001C849 /* FootballMemoryGameViewModel.swift */; };
		D0D6E99726F33C1B0001C849 /* SDWebImageSwiftUI in Frameworks */ = {isa = PBXBuildFile; productRef = D0D6E99626F33C1B0001C849 /* SDWebImageSwiftUI */; };
		D0D6E99A26F33E440001C849 /* Alamofire in Frameworks */ = {isa = PBXBuildFile; productRef = D0D6E99926F33E440001C849 /* Alamofire */; };
		D0D6E99C26F340DC0001C849 /* Teams.swift in Sources */ = {isa = PBXBuildFile; fileRef = D0D6E99B26F340DC0001C849 /* Teams.swift */; };
/* End PBXBuildFile section */

/* Begin PBXFileReference section */
		D058C6CF26D8ED9F00E4C15F /* Memory Cards.app */ = {isa = PBXFileReference; explicitFileType = wrapper.application; includeInIndex = 0; path = "Memory Cards.app"; sourceTree = BUILT_PRODUCTS_DIR; };
		D058C6D226D8ED9F00E4C15F /* Memory_CardsApp.swift */ = {isa = PBXFileReference; lastKnownFileType = sourcecode.swift; path = Memory_CardsApp.swift; sourceTree = "<group>"; };
		D058C6D426D8ED9F00E4C15F /* EmojiMemoryGameView.swift */ = {isa = PBXFileReference; lastKnownFileType = sourcecode.swift; path = EmojiMemoryGameView.swift; sourceTree = "<group>"; };
		D058C6D626D8EDA200E4C15F /* Assets.xcassets */ = {isa = PBXFileReference; lastKnownFileType = folder.assetcatalog; path = Assets.xcassets; sourceTree = "<group>"; };
		D058C6D926D8EDA200E4C15F /* Preview Assets.xcassets */ = {isa = PBXFileReference; lastKnownFileType = folder.assetcatalog; path = "Preview Assets.xcassets"; sourceTree = "<group>"; };
		D058C6DB26D8EDA200E4C15F /* Info.plist */ = {isa = PBXFileReference; lastKnownFileType = text.plist.xml; path = Info.plist; sourceTree = "<group>"; };
		D058C6E126D8F83600E4C15F /* TestingCode.playground */ = {isa = PBXFileReference; lastKnownFileType = file.playground; path = TestingCode.playground; sourceTree = "<group>"; xcLanguageSpecificationIdentifier = xcode.lang.swift; };
		D0A64DDC26E9FA3F00C92AE5 /* MemoryGameModel.swift */ = {isa = PBXFileReference; lastKnownFileType = sourcecode.swift; path = MemoryGameModel.swift; sourceTree = "<group>"; };
		D0A64DDE26E9FB6C00C92AE5 /* EmojiGameViewModel.swift */ = {isa = PBXFileReference; lastKnownFileType = sourcecode.swift; path = EmojiGameViewModel.swift; sourceTree = "<group>"; };
		D0AF5CCC26E0C4F80005FECE /* CardView.swift */ = {isa = PBXFileReference; lastKnownFileType = sourcecode.swift; path = CardView.swift; sourceTree = "<group>"; };
		D0C4A63B26F274430060A39A /* AspectVGrid.swift */ = {isa = PBXFileReference; fileEncoding = 4; lastKnownFileType = sourcecode.swift; path = AspectVGrid.swift; sourceTree = "<group>"; };
		D0D6E98D26F325B50001C849 /* CardifyModifier.swift */ = {isa = PBXFileReference; lastKnownFileType = sourcecode.swift; path = CardifyModifier.swift; sourceTree = "<group>"; };
		D0D6E98F26F3353A0001C849 /* GameListview.swift */ = {isa = PBXFileReference; lastKnownFileType = sourcecode.swift; path = GameListview.swift; sourceTree = "<group>"; };
		D0D6E99126F3370F0001C849 /* FootballMemoryGameView.swift */ = {isa = PBXFileReference; lastKnownFileType = sourcecode.swift; path = FootballMemoryGameView.swift; sourceTree = "<group>"; };
		D0D6E99326F337320001C849 /* FootballMemoryGameViewModel.swift */ = {isa = PBXFileReference; lastKnownFileType = sourcecode.swift; path = FootballMemoryGameViewModel.swift; sourceTree = "<group>"; };
		D0D6E99B26F340DC0001C849 /* Teams.swift */ = {isa = PBXFileReference; lastKnownFileType = sourcecode.swift; path = Teams.swift; sourceTree = "<group>"; };
/* End PBXFileReference section */

/* Begin PBXFrameworksBuildPhase section */
		D058C6CC26D8ED9F00E4C15F /* Frameworks */ = {
			isa = PBXFrameworksBuildPhase;
			buildActionMask = 2147483647;
			files = (
				D0D6E99726F33C1B0001C849 /* SDWebImageSwiftUI in Frameworks */,
				D0D6E99A26F33E440001C849 /* Alamofire in Frameworks */,
			);
			runOnlyForDeploymentPostprocessing = 0;
		};
/* End PBXFrameworksBuildPhase section */

/* Begin PBXGroup section */
		D058C6C626D8ED9F00E4C15F = {
			isa = PBXGroup;
			children = (
				D058C6D126D8ED9F00E4C15F /* Memory Cards */,
				D058C6D026D8ED9F00E4C15F /* Products */,
			);
			sourceTree = "<group>";
		};
		D058C6D026D8ED9F00E4C15F /* Products */ = {
			isa = PBXGroup;
			children = (
				D058C6CF26D8ED9F00E4C15F /* Memory Cards.app */,
			);
			name = Products;
			sourceTree = "<group>";
		};
		D058C6D126D8ED9F00E4C15F /* Memory Cards */ = {
			isa = PBXGroup;
			children = (
				D0A64DDB26E9F9D100C92AE5 /* Model */,
				D0A64DDA26E9F9CB00C92AE5 /* ViewModel */,
				D0AF5CCE26E0C50E0005FECE /* View */,
				D058C6E126D8F83600E4C15F /* TestingCode.playground */,
				D058C6D226D8ED9F00E4C15F /* Memory_CardsApp.swift */,
				D058C6D626D8EDA200E4C15F /* Assets.xcassets */,
				D058C6DB26D8EDA200E4C15F /* Info.plist */,
				D058C6D826D8EDA200E4C15F /* Preview Content */,
			);
			path = "Memory Cards";
			sourceTree = "<group>";
		};
		D058C6D826D8EDA200E4C15F /* Preview Content */ = {
			isa = PBXGroup;
			children = (
				D058C6D926D8EDA200E4C15F /* Preview Assets.xcassets */,
			);
			path = "Preview Content";
			sourceTree = "<group>";
		};
		D0A64DDA26E9F9CB00C92AE5 /* ViewModel */ = {
			isa = PBXGroup;
			children = (
				D0A64DDE26E9FB6C00C92AE5 /* EmojiGameViewModel.swift */,
				D0D6E99326F337320001C849 /* FootballMemoryGameViewModel.swift */,
			);
			path = ViewModel;
			sourceTree = "<group>";
		};
		D0A64DDB26E9F9D100C92AE5 /* Model */ = {
			isa = PBXGroup;
			children = (
				D0A64DDC26E9FA3F00C92AE5 /* MemoryGameModel.swift */,
				D0D6E99B26F340DC0001C849 /* Teams.swift */,
			);
			path = Model;
			sourceTree = "<group>";
		};
		D0AF5CCE26E0C50E0005FECE /* View */ = {
			isa = PBXGroup;
			children = (
				D0C4A63B26F274430060A39A /* AspectVGrid.swift */,
				D058C6D426D8ED9F00E4C15F /* EmojiMemoryGameView.swift */,
				D0D6E99126F3370F0001C849 /* FootballMemoryGameView.swift */,
				D0AF5CCC26E0C4F80005FECE /* CardView.swift */,
				D0D6E98D26F325B50001C849 /* CardifyModifier.swift */,
				D0D6E98F26F3353A0001C849 /* GameListview.swift */,
			);
			path = View;
			sourceTree = "<group>";
		};
/* End PBXGroup section */

/* Begin PBXNativeTarget section */
		D058C6CE26D8ED9F00E4C15F /* Memory Cards */ = {
			isa = PBXNativeTarget;
			buildConfigurationList = D058C6DE26D8EDA200E4C15F /* Build configuration list for PBXNativeTarget "Memory Cards" */;
			buildPhases = (
				D058C6CB26D8ED9F00E4C15F /* Sources */,
				D058C6CC26D8ED9F00E4C15F /* Frameworks */,
				D058C6CD26D8ED9F00E4C15F /* Resources */,
			);
			buildRules = (
			);
			dependencies = (
			);
			name = "Memory Cards";
			packageProductDependencies = (
				D0D6E99626F33C1B0001C849 /* SDWebImageSwiftUI */,
				D0D6E99926F33E440001C849 /* Alamofire */,
			);
			productName = "Memory Cards";
			productReference = D058C6CF26D8ED9F00E4C15F /* Memory Cards.app */;
			productType = "com.apple.product-type.application";
		};
/* End PBXNativeTarget section */

/* Begin PBXProject section */
		D058C6C726D8ED9F00E4C15F /* Project object */ = {
			isa = PBXProject;
			attributes = {
				LastSwiftUpdateCheck = 1250;
				LastUpgradeCheck = 1250;
				TargetAttributes = {
					D058C6CE26D8ED9F00E4C15F = {
						CreatedOnToolsVersion = 12.5.1;
					};
				};
			};
			buildConfigurationList = D058C6CA26D8ED9F00E4C15F /* Build configuration list for PBXProject "Memory Cards" */;
			compatibilityVersion = "Xcode 9.3";
			developmentRegion = en;
			hasScannedForEncodings = 0;
			knownRegions = (
				en,
				Base,
			);
			mainGroup = D058C6C626D8ED9F00E4C15F;
			packageReferences = (
				D0D6E99526F33C1B0001C849 /* XCRemoteSwiftPackageReference "SDWebImageSwiftUI" */,
				D0D6E99826F33E440001C849 /* XCRemoteSwiftPackageReference "Alamofire" */,
			);
			productRefGroup = D058C6D026D8ED9F00E4C15F /* Products */;
			projectDirPath = "";
			projectRoot = "";
			targets = (
				D058C6CE26D8ED9F00E4C15F /* Memory Cards */,
			);
		};
/* End PBXProject section */

/* Begin PBXResourcesBuildPhase section */
		D058C6CD26D8ED9F00E4C15F /* Resources */ = {
			isa = PBXResourcesBuildPhase;
			buildActionMask = 2147483647;
			files = (
				D058C6DA26D8EDA200E4C15F /* Preview Assets.xcassets in Resources */,
				D058C6D726D8EDA200E4C15F /* Assets.xcassets in Resources */,
			);
			runOnlyForDeploymentPostprocessing = 0;
		};
/* End PBXResourcesBuildPhase section */

/* Begin PBXSourcesBuildPhase section */
		D058C6CB26D8ED9F00E4C15F /* Sources */ = {
			isa = PBXSourcesBuildPhase;
			buildActionMask = 2147483647;
			files = (
				D0D6E99426F337320001C849 /* FootballMemoryGameViewModel.swift in Sources */,
				D0A64DDD26E9FA3F00C92AE5 /* MemoryGameModel.swift in Sources */,
				D0A64DDF26E9FB6C00C92AE5 /* EmojiGameViewModel.swift in Sources */,
				D0C4A63C26F274430060A39A /* AspectVGrid.swift in Sources */,
				D058C6D526D8ED9F00E4C15F /* EmojiMemoryGameView.swift in Sources */,
				D0D6E99C26F340DC0001C849 /* Teams.swift in Sources */,
				D0AF5CCD26E0C4F80005FECE /* CardView.swift in Sources */,
				D058C6D326D8ED9F00E4C15F /* Memory_CardsApp.swift in Sources */,
				D0D6E99026F3353A0001C849 /* GameListview.swift in Sources */,
				D0D6E99226F3370F0001C849 /* FootballMemoryGameView.swift in Sources */,
				D0D6E98E26F325B50001C849 /* CardifyModifier.swift in Sources */,
			);
			runOnlyForDeploymentPostprocessing = 0;
		};
/* End PBXSourcesBuildPhase section */

/* Begin XCBuildConfiguration section */
		D058C6DC26D8EDA200E4C15F /* Debug */ = {
			isa = XCBuildConfiguration;
			buildSettings = {
				ALWAYS_SEARCH_USER_PATHS = NO;
				CLANG_ANALYZER_NONNULL = YES;
				CLANG_ANALYZER_NUMBER_OBJECT_CONVERSION = YES_AGGRESSIVE;
				CLANG_CXX_LANGUAGE_STANDARD = "gnu++14";
				CLANG_CXX_LIBRARY = "libc++";
				CLANG_ENABLE_MODULES = YES;
				CLANG_ENABLE_OBJC_ARC = YES;
				CLANG_ENABLE_OBJC_WEAK = YES;
				CLANG_WARN_BLOCK_CAPTURE_AUTORELEASING = YES;
				CLANG_WARN_BOOL_CONVERSION = YES;
				CLANG_WARN_COMMA = YES;
				CLANG_WARN_CONSTANT_CONVERSION = YES;
				CLANG_WARN_DEPRECATED_OBJC_IMPLEMENTATIONS = YES;
				CLANG_WARN_DIRECT_OBJC_ISA_USAGE = YES_ERROR;
				CLANG_WARN_DOCUMENTATION_COMMENTS = YES;
				CLANG_WARN_EMPTY_BODY = YES;
				CLANG_WARN_ENUM_CONVERSION = YES;
				CLANG_WARN_INFINITE_RECURSION = YES;
				CLANG_WARN_INT_CONVERSION = YES;
				CLANG_WARN_NON_LITERAL_NULL_CONVERSION = YES;
				CLANG_WARN_OBJC_IMPLICIT_RETAIN_SELF = YES;
				CLANG_WARN_OBJC_LITERAL_CONVERSION = YES;
				CLANG_WARN_OBJC_ROOT_CLASS = YES_ERROR;
				CLANG_WARN_QUOTED_INCLUDE_IN_FRAMEWORK_HEADER = YES;
				CLANG_WARN_RANGE_LOOP_ANALYSIS = YES;
				CLANG_WARN_STRICT_PROTOTYPES = YES;
				CLANG_WARN_SUSPICIOUS_MOVE = YES;
				CLANG_WARN_UNGUARDED_AVAILABILITY = YES_AGGRESSIVE;
				CLANG_WARN_UNREACHABLE_CODE = YES;
				CLANG_WARN__DUPLICATE_METHOD_MATCH = YES;
				COPY_PHASE_STRIP = NO;
				DEBUG_INFORMATION_FORMAT = dwarf;
				ENABLE_STRICT_OBJC_MSGSEND = YES;
				ENABLE_TESTABILITY = YES;
				GCC_C_LANGUAGE_STANDARD = gnu11;
				GCC_DYNAMIC_NO_PIC = NO;
				GCC_NO_COMMON_BLOCKS = YES;
				GCC_OPTIMIZATION_LEVEL = 0;
				GCC_PREPROCESSOR_DEFINITIONS = (
					"DEBUG=1",
					"$(inherited)",
				);
				GCC_WARN_64_TO_32_BIT_CONVERSION = YES;
				GCC_WARN_ABOUT_RETURN_TYPE = YES_ERROR;
				GCC_WARN_UNDECLARED_SELECTOR = YES;
				GCC_WARN_UNINITIALIZED_AUTOS = YES_AGGRESSIVE;
				GCC_WARN_UNUSED_FUNCTION = YES;
				GCC_WARN_UNUSED_VARIABLE = YES;
				IPHONEOS_DEPLOYMENT_TARGET = 14.5;
				MTL_ENABLE_DEBUG_INFO = INCLUDE_SOURCE;
				MTL_FAST_MATH = YES;
				ONLY_ACTIVE_ARCH = YES;
				SDKROOT = iphoneos;
				SWIFT_ACTIVE_COMPILATION_CONDITIONS = DEBUG;
				SWIFT_OPTIMIZATION_LEVEL = "-Onone";
			};
			name = Debug;
		};
		D058C6DD26D8EDA200E4C15F /* Release */ = {
			isa = XCBuildConfiguration;
			buildSettings = {
				ALWAYS_SEARCH_USER_PATHS = NO;
				CLANG_ANALYZER_NONNULL = YES;
				CLANG_ANALYZER_NUMBER_OBJECT_CONVERSION = YES_AGGRESSIVE;
				CLANG_CXX_LANGUAGE_STANDARD = "gnu++14";
				CLANG_CXX_LIBRARY = "libc++";
				CLANG_ENABLE_MODULES = YES;
				CLANG_ENABLE_OBJC_ARC = YES;
				CLANG_ENABLE_OBJC_WEAK = YES;
				CLANG_WARN_BLOCK_CAPTURE_AUTORELEASING = YES;
				CLANG_WARN_BOOL_CONVERSION = YES;
				CLANG_WARN_COMMA = YES;
				CLANG_WARN_CONSTANT_CONVERSION = YES;
				CLANG_WARN_DEPRECATED_OBJC_IMPLEMENTATIONS = YES;
				CLANG_WARN_DIRECT_OBJC_ISA_USAGE = YES_ERROR;
				CLANG_WARN_DOCUMENTATION_COMMENTS = YES;
				CLANG_WARN_EMPTY_BODY = YES;
				CLANG_WARN_ENUM_CONVERSION = YES;
				CLANG_WARN_INFINITE_RECURSION = YES;
				CLANG_WARN_INT_CONVERSION = YES;
				CLANG_WARN_NON_LITERAL_NULL_CONVERSION = YES;
				CLANG_WARN_OBJC_IMPLICIT_RETAIN_SELF = YES;
				CLANG_WARN_OBJC_LITERAL_CONVERSION = YES;
				CLANG_WARN_OBJC_ROOT_CLASS = YES_ERROR;
				CLANG_WARN_QUOTED_INCLUDE_IN_FRAMEWORK_HEADER = YES;
				CLANG_WARN_RANGE_LOOP_ANALYSIS = YES;
				CLANG_WARN_STRICT_PROTOTYPES = YES;
				CLANG_WARN_SUSPICIOUS_MOVE = YES;
				CLANG_WARN_UNGUARDED_AVAILABILITY = YES_AGGRESSIVE;
				CLANG_WARN_UNREACHABLE_CODE = YES;
				CLANG_WARN__DUPLICATE_METHOD_MATCH = YES;
				COPY_PHASE_STRIP = NO;
				DEBUG_INFORMATION_FORMAT = "dwarf-with-dsym";
				ENABLE_NS_ASSERTIONS = NO;
				ENABLE_STRICT_OBJC_MSGSEND = YES;
				GCC_C_LANGUAGE_STANDARD = gnu11;
				GCC_NO_COMMON_BLOCKS = YES;
				GCC_WARN_64_TO_32_BIT_CONVERSION = YES;
				GCC_WARN_ABOUT_RETURN_TYPE = YES_ERROR;
				GCC_WARN_UNDECLARED_SELECTOR = YES;
				GCC_WARN_UNINITIALIZED_AUTOS = YES_AGGRESSIVE;
				GCC_WARN_UNUSED_FUNCTION = YES;
				GCC_WARN_UNUSED_VARIABLE = YES;
				IPHONEOS_DEPLOYMENT_TARGET = 14.5;
				MTL_ENABLE_DEBUG_INFO = NO;
				MTL_FAST_MATH = YES;
				SDKROOT = iphoneos;
				SWIFT_COMPILATION_MODE = wholemodule;
				SWIFT_OPTIMIZATION_LEVEL = "-O";
				VALIDATE_PRODUCT = YES;
			};
			name = Release;
		};
		D058C6DF26D8EDA200E4C15F /* Debug */ = {
			isa = XCBuildConfiguration;
			buildSettings = {
				ASSETCATALOG_COMPILER_APPICON_NAME = AppIcon;
				ASSETCATALOG_COMPILER_GLOBAL_ACCENT_COLOR_NAME = AccentColor;
				CODE_SIGN_STYLE = Automatic;
				DEVELOPMENT_ASSET_PATHS = "\"Memory Cards/Preview Content\"";
				DEVELOPMENT_TEAM = 282GM4A2S4;
				ENABLE_PREVIEWS = YES;
				INFOPLIST_FILE = "Memory Cards/Info.plist";
				IPHONEOS_DEPLOYMENT_TARGET = 14.0;
				LD_RUNPATH_SEARCH_PATHS = (
					"$(inherited)",
					"@executable_path/Frameworks",
				);
				PRODUCT_BUNDLE_IDENTIFIER = "no.kristiania.instructor.Memory-Cards";
				PRODUCT_NAME = "$(TARGET_NAME)";
				SWIFT_VERSION = 5.0;
				TARGETED_DEVICE_FAMILY = "1,2";
			};
			name = Debug;
		};
		D058C6E026D8EDA200E4C15F /* Release */ = {
			isa = XCBuildConfiguration;
			buildSettings = {
				ASSETCATALOG_COMPILER_APPICON_NAME = AppIcon;
				ASSETCATALOG_COMPILER_GLOBAL_ACCENT_COLOR_NAME = AccentColor;
				CODE_SIGN_STYLE = Automatic;
				DEVELOPMENT_ASSET_PATHS = "\"Memory Cards/Preview Content\"";
				DEVELOPMENT_TEAM = 282GM4A2S4;
				ENABLE_PREVIEWS = YES;
				INFOPLIST_FILE = "Memory Cards/Info.plist";
				IPHONEOS_DEPLOYMENT_TARGET = 14.0;
				LD_RUNPATH_SEARCH_PATHS = (
					"$(inherited)",
					"@executable_path/Frameworks",
				);
				PRODUCT_BUNDLE_IDENTIFIER = "no.kristiania.instructor.Memory-Cards";
				PRODUCT_NAME = "$(TARGET_NAME)";
				SWIFT_VERSION = 5.0;
				TARGETED_DEVICE_FAMILY = "1,2";
			};
			name = Release;
		};
/* End XCBuildConfiguration section */

/* Begin XCConfigurationList section */
		D058C6CA26D8ED9F00E4C15F /* Build configuration list for PBXProject "Memory Cards" */ = {
			isa = XCConfigurationList;
			buildConfigurations = (
				D058C6DC26D8EDA200E4C15F /* Debug */,
				D058C6DD26D8EDA200E4C15F /* Release */,
			);
			defaultConfigurationIsVisible = 0;
			defaultConfigurationName = Release;
		};
		D058C6DE26D8EDA200E4C15F /* Build configuration list for PBXNativeTarget "Memory Cards" */ = {
			isa = XCConfigurationList;
			buildConfigurations = (
				D058C6DF26D8EDA200E4C15F /* Debug */,
				D058C6E026D8EDA200E4C15F /* Release */,
			);
			defaultConfigurationIsVisible = 0;
			defaultConfigurationName = Release;
		};
/* End XCConfigurationList section */

/* Begin XCRemoteSwiftPackageReference section */
		D0D6E99526F33C1B0001C849 /* XCRemoteSwiftPackageReference "SDWebImageSwiftUI" */ = {
			isa = XCRemoteSwiftPackageReference;
			repositoryURL = "https://github.com/SDWebImage/SDWebImageSwiftUI";
			requirement = {
				kind = upToNextMajorVersion;
				minimumVersion = 2.0.2;
			};
		};
		D0D6E99826F33E440001C849 /* XCRemoteSwiftPackageReference "Alamofire" */ = {
			isa = XCRemoteSwiftPackageReference;
			repositoryURL = "https://github.com/Alamofire/Alamofire";
			requirement = {
				kind = upToNextMajorVersion;
				minimumVersion = 5.4.3;
			};
		};
/* End XCRemoteSwiftPackageReference section */

/* Begin XCSwiftPackageProductDependency section */
		D0D6E99626F33C1B0001C849 /* SDWebImageSwiftUI */ = {
			isa = XCSwiftPackageProductDependency;
			package = D0D6E99526F33C1B0001C849 /* XCRemoteSwiftPackageReference "SDWebImageSwiftUI" */;
			productName = SDWebImageSwiftUI;
		};
		D0D6E99926F33E440001C849 /* Alamofire */ = {
			isa = XCSwiftPackageProductDependency;
			package = D0D6E99826F33E440001C849 /* XCRemoteSwiftPackageReference "Alamofire" */;
			productName = Alamofire;
		};
/* End XCSwiftPackageProductDependency section */
	};
	rootObject = D058C6C726D8ED9F00E4C15F /* Project object */;
}
